
Microsoft Visual Studio Solution File, Format Version 12.00
# Visual Studio 2012
Project("{2150E333-8FDC-42A3-9474-1A3956D46DE8}") = "Amazon", "Amazon", "{3D74F497-C6FE-4ACE-B0AD-A751CF919F12}"
EndProject
Project("{2150E333-8FDC-42A3-9474-1A3956D46DE8}") = "Azure", "Azure", "{2E8AB98F-503F-4AC3-8600-71652E3C77AE}"
EndProject
Project("{2150E333-8FDC-42A3-9474-1A3956D46DE8}") = "Local", "Local", "{9AB5A5CB-C0A7-405A-AD46-21558FA2C9BA}"
EndProject
Project("{2150E333-8FDC-42A3-9474-1A3956D46DE8}") = "Tools", "Tools", "{62C9AAA1-B915-4B13-A080-35E2BFF7281C}"
EndProject
Project("{2150E333-8FDC-42A3-9474-1A3956D46DE8}") = "Solution Documents", "Solution Documents", "{6407BBCE-9FA2-4948-8279-0FBC3BBA15C2}"
EndProject
Project("{2150E333-8FDC-42A3-9474-1A3956D46DE8}") = "Abstractions", "Abstractions", "{3C32EB84-DE82-4529-ACF8-4864C44177A5}"
EndProject
Project("{2150E333-8FDC-42A3-9474-1A3956D46DE8}") = "TestJobs", "TestJobs", "{F8287D5D-55EB-46CB-8740-4FACAA275E56}"
EndProject
Project("{2150E333-8FDC-42A3-9474-1A3956D46DE8}") = "GlobalControlAndCoordination", "GlobalControlAndCoordination", "{063E3961-8EC0-4523-859B-384CBFFF2512}"
EndProject
Project("{2150E333-8FDC-42A3-9474-1A3956D46DE8}") = "Messaging", "Messaging", "{AB05A0BC-2956-4E87-AB86-2326A0170C8B}"
EndProject
Project("{2150E333-8FDC-42A3-9474-1A3956D46DE8}") = "Storage", "Storage", "{D531FD01-6AA2-4DCE-8EC7-7A6AB0570D8A}"
EndProject
Project("{2150E333-8FDC-42A3-9474-1A3956D46DE8}") = ".nuget", ".nuget", "{365ED07C-EE07-432B-8A64-D173928D994A}"
	ProjectSection(SolutionItems) = preProject
		.nuget\NuGet.exe = .nuget\NuGet.exe
		.nuget\NuGet.targets = .nuget\NuGet.targets
	EndProjectSection
EndProject
Project("{FAE04EC0-301F-11D3-BF4B-00C04F79EFBC}") = "CloudAbstractions", "CloudAbstractions\CloudAbstractions.csproj", "{5603FB8A-659D-4C39-ABE4-9AD45311EF19}"
EndProject
Project("{FAE04EC0-301F-11D3-BF4B-00C04F79EFBC}") = "AwsAbstractions", "AwsAbstractions\AwsAbstractions.csproj", "{21062962-F623-472A-9744-26B882CC8B6D}"
EndProject
Project("{FAE04EC0-301F-11D3-BF4B-00C04F79EFBC}") = "AwsAbstractionsTests", "AwsAbstractionsTests\AwsAbstractionsTests.csproj", "{30993FC3-22B8-4FF4-B107-DC09E6755BCE}"
EndProject
Project("{FAE04EC0-301F-11D3-BF4B-00C04F79EFBC}") = "AzureAbstractions", "AzureAbstractions\AzureAbstractions.csproj", "{42EEEE24-4F4D-4CF8-805F-BC595A44EE40}"
EndProject
Project("{FAE04EC0-301F-11D3-BF4B-00C04F79EFBC}") = "AzureAbstractionsTests", "AzureAbstractionsTests\AzureAbstractionsTests.csproj", "{EDA19484-A3A6-45BF-B047-3CA1CBC89EB1}"
EndProject
Project("{FAE04EC0-301F-11D3-BF4B-00C04F79EFBC}") = "CloudMorphDeploymentService", "CloudMorphDeploymentService\CloudMorphDeploymentService.csproj", "{CDB15A5B-033E-4026-8D2C-A42632539AB4}"
EndProject
Project("{FAE04EC0-301F-11D3-BF4B-00C04F79EFBC}") = "CloudMorphPackagingTools", "CloudMorphPackagingTools\CloudMorphPackagingTools.csproj", "{C09A5935-87C2-4B40-A01D-38380BBAE9A8}"
EndProject
Project("{FAE04EC0-301F-11D3-BF4B-00C04F79EFBC}") = "CloudMorphPackagingToolsTests", "CloudMorphPackagingToolsTests\CloudMorphPackagingToolsTests.csproj", "{534D9281-F8CA-40D2-A7FC-40A726702A31}"
EndProject
Project("{FAE04EC0-301F-11D3-BF4B-00C04F79EFBC}") = "OnPremiseServiceController", "OnPremiseServiceController\OnPremiseServiceController.csproj", "{8064D7DA-BE71-4848-830B-DA95171CE894}"
EndProject
Project("{FAE04EC0-301F-11D3-BF4B-00C04F79EFBC}") = "GlobalControl", "GlobalControl\GlobalControl.csproj", "{8E8D4383-C72B-4830-A5A2-C1B838573D0F}"
EndProject
Project("{FAE04EC0-301F-11D3-BF4B-00C04F79EFBC}") = "GlobalControlTests", "GlobalControlTests\GlobalControlTests.csproj", "{9CE03AAF-AA71-41A7-899D-FAFA8E97825A}"
EndProject
Project("{FAE04EC0-301F-11D3-BF4B-00C04F79EFBC}") = "PingPongJob", "PingPongJob\PingPongJob.csproj", "{74AE9823-22D6-4709-B018-AEAECCB8C64C}"
EndProject
Project("{FAE04EC0-301F-11D3-BF4B-00C04F79EFBC}") = "JobAbstractions", "JobAbstractions\JobAbstractions.csproj", "{A80E1DCB-A3A3-43F8-9EC9-BCC39E12DD71}"
EndProject
Project("{FAE04EC0-301F-11D3-BF4B-00C04F79EFBC}") = "JobHostWrapper", "JobHostWrapper\JobHostWrapper.csproj", "{30B95464-1D5C-47E7-8077-45A27F73AE97}"
EndProject
Project("{FAE04EC0-301F-11D3-BF4B-00C04F79EFBC}") = "CloudMorphDeploymentServiceTests", "CloudMorphDeploymentServiceTests\CloudMorphDeploymentServiceTests.csproj", "{BAEB64C9-DC99-477D-853D-F11BD000585F}"
EndProject
Project("{FAE04EC0-301F-11D3-BF4B-00C04F79EFBC}") = "TopShelfJob", "TopShelfJob\TopShelfJob.csproj", "{9924FD29-69FC-427A-B564-FF6C11E77276}"
EndProject
Project("{CC5FD16D-436D-48AD-A40C-5A424C6E3E79}") = "AzureHosting", "AzureHosting\AzureHosting.ccproj", "{D79DF490-B95D-473A-B5D7-951A35751AA2}"
EndProject
Project("{FAE04EC0-301F-11D3-BF4B-00C04F79EFBC}") = "AzureWorkerRoleHost", "AzureWorkerRoleHost\AzureWorkerRoleHost.csproj", "{589A7BF8-8B22-4605-B3BC-77FE7543D3BF}"
EndProject
Project("{FAE04EC0-301F-11D3-BF4B-00C04F79EFBC}") = "LocalDeploymentsTests", "LocalDeploymentsTests\LocalDeploymentsTests.csproj", "{E764D021-788C-4665-B600-26110E7C0C42}"
EndProject
Project("{FAE04EC0-301F-11D3-BF4B-00C04F79EFBC}") = "ZeroMqServer", "ZeroMqServer\ZeroMqServer.csproj", "{CBE7B694-2F81-4E73-89F8-FCC11CAD107C}"
EndProject
Project("{FAE04EC0-301F-11D3-BF4B-00C04F79EFBC}") = "ZeroMqClient", "ZeroMqClient\ZeroMqClient.csproj", "{CC2DB635-D6EE-45A1-A098-30D732FB080F}"
EndProject
Project("{FAE04EC0-301F-11D3-BF4B-00C04F79EFBC}") = "Commons", "Commons\Commons.csproj", "{91C0778D-A1D9-4F3C-8FAA-61F221AEF86D}"
EndProject
Project("{FAE04EC0-301F-11D3-BF4B-00C04F79EFBC}") = "LocalAbstractions", "LocalAbstractions\LocalAbstractions.csproj", "{B7D00268-960C-4B69-AFB5-F89B5EDFC6B7}"
EndProject
Project("{FAE04EC0-301F-11D3-BF4B-00C04F79EFBC}") = "Storage.FileSystem", "Storage.FileSystem\Storage.FileSystem.csproj", "{6FB7CC66-055F-40A3-B1E8-FDE5FE664C9F}"
EndProject
Project("{FAE04EC0-301F-11D3-BF4B-00C04F79EFBC}") = "PingJob", "PingJob\PingJob.csproj", "{BA40F159-E88E-43A3-B520-40E471D8E89F}"
EndProject
Project("{FAE04EC0-301F-11D3-BF4B-00C04F79EFBC}") = "PongJob", "PongJob\PongJob.csproj", "{C7978FEF-E0D4-4002-A4B4-D76130E90940}"
EndProject
Project("{FAE04EC0-301F-11D3-BF4B-00C04F79EFBC}") = "Storage.Raven", "Storage.Raven\Storage.Raven.csproj", "{A32DC34B-7497-40AA-9DA9-BAC4386ED087}"
EndProject
Project("{FAE04EC0-301F-11D3-BF4B-00C04F79EFBC}") = "CloudMorphConsole", "CloudMorphConsole\CloudMorphConsole.csproj", "{0E059DA5-1139-4542-AC4C-4F4B4106941C}"
EndProject
Project("{FAE04EC0-301F-11D3-BF4B-00C04F79EFBC}") = "JobHostWrapperTests", "JobHostWrapperTests\JobHostWrapperTests.csproj", "{1CF7AC2A-8CDD-4C69-BE77-17AC14D6C9E0}"
EndProject
Project("{FAE04EC0-301F-11D3-BF4B-00C04F79EFBC}") = "JobHostWrapperConsole", "JobHostWrapperConsole\JobHostWrapperConsole.csproj", "{417B4445-BA96-4F12-B669-9FA933AE83FD}"
EndProject
Project("{FAE04EC0-301F-11D3-BF4B-00C04F79EFBC}") = "DeployToAws", "DeployToAws\DeployToAws.csproj", "{691B25DF-7C31-42F8-BD47-B692A43AFD7B}"
EndProject
Project("{FAE04EC0-301F-11D3-BF4B-00C04F79EFBC}") = "DeployToAzure", "DeployToAzure\DeployToAzure.csproj", "{4CCA8531-68D7-4939-84B3-8BDC6C54B484}"
EndProject
Project("{FAE04EC0-301F-11D3-BF4B-00C04F79EFBC}") = "CloudMorphDeploymentSvc", "CloudMorphDeploymentSvc\CloudMorphDeploymentSvc.csproj", "{796CEC6B-C29E-480D-B6C7-75F05EE145C5}"
EndProject
Project("{FAE04EC0-301F-11D3-BF4B-00C04F79EFBC}") = "QueueListenJob", "QueueListenJob\QueueListenJob.csproj", "{8E5F4570-BA2B-4C75-AAC3-88006B48BD92}"
EndProject
Project("{2150E333-8FDC-42A3-9474-1A3956D46DE8}") = "Examples", "Examples", "{1DE7A0F6-3504-4FE2-87C8-BA6457F119DD}"
EndProject
Project("{2150E333-8FDC-42A3-9474-1A3956D46DE8}") = "GuestBook1", "GuestBook1", "{76C72197-597C-4C76-9AD8-CF706AC3A5A0}"
EndProject
Project("{FAE04EC0-301F-11D3-BF4B-00C04F79EFBC}") = "GuestBook1_Data", "..\Examples\GuestBook\GuestBook1\GuestBook1_Data\GuestBook1_Data.csproj", "{2E73E1D4-90B8-46FF-A85A-6422A3471C21}"
EndProject
Project("{FAE04EC0-301F-11D3-BF4B-00C04F79EFBC}") = "GuestBook1_WebRole", "..\Examples\GuestBook\GuestBook1\GuestBook1_WebRole\GuestBook1_WebRole.csproj", "{1235DF8E-D4BB-4E73-AD3E-6B5D2CC8DAF7}"
EndProject
Project("{FAE04EC0-301F-11D3-BF4B-00C04F79EFBC}") = "GuestBook1_WorkerRole", "..\Examples\GuestBook\GuestBook1\GuestBook1_WorkerRole\GuestBook1_WorkerRole.csproj", "{7095AD70-C401-4E84-A16C-78DA6938FC1C}"
EndProject
Project("{CC5FD16D-436D-48AD-A40C-5A424C6E3E79}") = "GuestBook1", "..\Examples\GuestBook\GuestBook1\GuestBook1\GuestBook1.ccproj", "{D7EF50EE-6EB9-4BC5-8054-C1DC21925DF2}"
EndProject
Project("{2150E333-8FDC-42A3-9474-1A3956D46DE8}") = "GuestBook2", "GuestBook2", "{16FCBDC2-101C-47BB-8A89-66D53E9138B9}"
EndProject
Project("{CC5FD16D-436D-48AD-A40C-5A424C6E3E79}") = "GuestBook2", "..\Examples\GuestBook\GuestBook2\GuestBook2\GuestBook2.ccproj", "{77B5C54B-1398-4134-805E-998267B6D3CA}"
EndProject
Project("{FAE04EC0-301F-11D3-BF4B-00C04F79EFBC}") = "GuestBook2_WebRole", "..\Examples\GuestBook\GuestBook2\GuestBook2_WebRole\GuestBook2_WebRole.csproj", "{F6CF6571-B768-4F96-AF61-B998EEA6FC70}"
EndProject
Project("{FAE04EC0-301F-11D3-BF4B-00C04F79EFBC}") = "GuestBook2_WorkerRole", "..\Examples\GuestBook\GuestBook2\GuestBook2_WorkerRole\GuestBook2_WorkerRole.csproj", "{1B094897-0A37-4377-9807-CFB29052B447}"
EndProject
Project("{FAE04EC0-301F-11D3-BF4B-00C04F79EFBC}") = "GuestBook2_Data", "..\Examples\GuestBook\GuestBook2\GuestBook2_Data\GuestBook2_Data.csproj", "{3A294790-6DB5-4998-94F6-DD171364AA6C}"
EndProject
Project("{2150E333-8FDC-42A3-9474-1A3956D46DE8}") = "GuestBook3 SPA", "GuestBook3 SPA", "{5327D832-1450-47B2-B2F3-87D9F0D27BD4}"
EndProject
Project("{CC5FD16D-436D-48AD-A40C-5A424C6E3E79}") = "GuestBook3", "..\Examples\GuestBook\GuestBook3 SPA\GuestBook3\GuestBook3.ccproj", "{F101A8EC-3660-4909-9D89-F066268D4B88}"
EndProject
Project("{FAE04EC0-301F-11D3-BF4B-00C04F79EFBC}") = "GuestBook3_WorkerRole", "..\Examples\GuestBook\GuestBook3 SPA\GuestBook3_WorkerRole\GuestBook3_WorkerRole.csproj", "{AA32F091-9D37-4BBC-BCAB-D5DD6D53143E}"
EndProject
Project("{FAE04EC0-301F-11D3-BF4B-00C04F79EFBC}") = "GuestBook3_WebRole", "..\Examples\GuestBook\GuestBook3 SPA\GuestBook3_WebRole\GuestBook3_WebRole.csproj", "{08AA4D55-47EA-44B0-A260-F5987B5666DE}"
EndProject
Project("{FAE04EC0-301F-11D3-BF4B-00C04F79EFBC}") = "TypeScriptHTMLApp1", "..\Examples\GuestBook\GuestBook3 SPA\TypeScriptHTMLApp1\TypeScriptHTMLApp1.csproj", "{6AAA3647-E7A4-4FF1-82FA-1E5C6C56A7A0}"
EndProject
Global
	GlobalSection(SolutionConfigurationPlatforms) = preSolution
		Debug|Any CPU = Debug|Any CPU
		Release|Any CPU = Release|Any CPU
	EndGlobalSection
	GlobalSection(ProjectConfigurationPlatforms) = postSolution
		{5603FB8A-659D-4C39-ABE4-9AD45311EF19}.Debug|Any CPU.ActiveCfg = Debug|Any CPU
		{5603FB8A-659D-4C39-ABE4-9AD45311EF19}.Debug|Any CPU.Build.0 = Debug|Any CPU
		{5603FB8A-659D-4C39-ABE4-9AD45311EF19}.Release|Any CPU.ActiveCfg = Release|Any CPU
		{5603FB8A-659D-4C39-ABE4-9AD45311EF19}.Release|Any CPU.Build.0 = Release|Any CPU
		{21062962-F623-472A-9744-26B882CC8B6D}.Debug|Any CPU.ActiveCfg = Debug|Any CPU
		{21062962-F623-472A-9744-26B882CC8B6D}.Debug|Any CPU.Build.0 = Debug|Any CPU
		{21062962-F623-472A-9744-26B882CC8B6D}.Release|Any CPU.ActiveCfg = Release|Any CPU
		{21062962-F623-472A-9744-26B882CC8B6D}.Release|Any CPU.Build.0 = Release|Any CPU
		{30993FC3-22B8-4FF4-B107-DC09E6755BCE}.Debug|Any CPU.ActiveCfg = Debug|Any CPU
		{30993FC3-22B8-4FF4-B107-DC09E6755BCE}.Debug|Any CPU.Build.0 = Debug|Any CPU
		{30993FC3-22B8-4FF4-B107-DC09E6755BCE}.Release|Any CPU.ActiveCfg = Release|Any CPU
		{30993FC3-22B8-4FF4-B107-DC09E6755BCE}.Release|Any CPU.Build.0 = Release|Any CPU
		{42EEEE24-4F4D-4CF8-805F-BC595A44EE40}.Debug|Any CPU.ActiveCfg = Debug|Any CPU
		{42EEEE24-4F4D-4CF8-805F-BC595A44EE40}.Debug|Any CPU.Build.0 = Debug|Any CPU
		{42EEEE24-4F4D-4CF8-805F-BC595A44EE40}.Release|Any CPU.ActiveCfg = Release|Any CPU
		{42EEEE24-4F4D-4CF8-805F-BC595A44EE40}.Release|Any CPU.Build.0 = Release|Any CPU
		{EDA19484-A3A6-45BF-B047-3CA1CBC89EB1}.Debug|Any CPU.ActiveCfg = Debug|Any CPU
		{EDA19484-A3A6-45BF-B047-3CA1CBC89EB1}.Debug|Any CPU.Build.0 = Debug|Any CPU
		{EDA19484-A3A6-45BF-B047-3CA1CBC89EB1}.Release|Any CPU.ActiveCfg = Release|Any CPU
		{EDA19484-A3A6-45BF-B047-3CA1CBC89EB1}.Release|Any CPU.Build.0 = Release|Any CPU
		{CDB15A5B-033E-4026-8D2C-A42632539AB4}.Debug|Any CPU.ActiveCfg = Debug|Any CPU
		{CDB15A5B-033E-4026-8D2C-A42632539AB4}.Release|Any CPU.ActiveCfg = Release|Any CPU
		{CDB15A5B-033E-4026-8D2C-A42632539AB4}.Release|Any CPU.Build.0 = Release|Any CPU
		{C09A5935-87C2-4B40-A01D-38380BBAE9A8}.Debug|Any CPU.ActiveCfg = Debug|Any CPU
		{C09A5935-87C2-4B40-A01D-38380BBAE9A8}.Release|Any CPU.ActiveCfg = Release|Any CPU
		{C09A5935-87C2-4B40-A01D-38380BBAE9A8}.Release|Any CPU.Build.0 = Release|Any CPU
		{534D9281-F8CA-40D2-A7FC-40A726702A31}.Debug|Any CPU.ActiveCfg = Debug|Any CPU
		{534D9281-F8CA-40D2-A7FC-40A726702A31}.Release|Any CPU.ActiveCfg = Release|Any CPU
		{534D9281-F8CA-40D2-A7FC-40A726702A31}.Release|Any CPU.Build.0 = Release|Any CPU
		{8064D7DA-BE71-4848-830B-DA95171CE894}.Debug|Any CPU.ActiveCfg = Debug|Any CPU
		{8064D7DA-BE71-4848-830B-DA95171CE894}.Debug|Any CPU.Build.0 = Debug|Any CPU
		{8064D7DA-BE71-4848-830B-DA95171CE894}.Release|Any CPU.ActiveCfg = Release|Any CPU
		{8064D7DA-BE71-4848-830B-DA95171CE894}.Release|Any CPU.Build.0 = Release|Any CPU
		{8E8D4383-C72B-4830-A5A2-C1B838573D0F}.Debug|Any CPU.ActiveCfg = Debug|Any CPU
		{8E8D4383-C72B-4830-A5A2-C1B838573D0F}.Debug|Any CPU.Build.0 = Debug|Any CPU
		{8E8D4383-C72B-4830-A5A2-C1B838573D0F}.Release|Any CPU.ActiveCfg = Release|Any CPU
		{8E8D4383-C72B-4830-A5A2-C1B838573D0F}.Release|Any CPU.Build.0 = Release|Any CPU
		{9CE03AAF-AA71-41A7-899D-FAFA8E97825A}.Debug|Any CPU.ActiveCfg = Debug|Any CPU
		{9CE03AAF-AA71-41A7-899D-FAFA8E97825A}.Debug|Any CPU.Build.0 = Debug|Any CPU
		{9CE03AAF-AA71-41A7-899D-FAFA8E97825A}.Release|Any CPU.ActiveCfg = Release|Any CPU
		{9CE03AAF-AA71-41A7-899D-FAFA8E97825A}.Release|Any CPU.Build.0 = Release|Any CPU
		{74AE9823-22D6-4709-B018-AEAECCB8C64C}.Debug|Any CPU.ActiveCfg = Debug|Any CPU
		{74AE9823-22D6-4709-B018-AEAECCB8C64C}.Debug|Any CPU.Build.0 = Debug|Any CPU
		{74AE9823-22D6-4709-B018-AEAECCB8C64C}.Release|Any CPU.ActiveCfg = Release|Any CPU
		{74AE9823-22D6-4709-B018-AEAECCB8C64C}.Release|Any CPU.Build.0 = Release|Any CPU
		{A80E1DCB-A3A3-43F8-9EC9-BCC39E12DD71}.Debug|Any CPU.ActiveCfg = Debug|Any CPU
		{A80E1DCB-A3A3-43F8-9EC9-BCC39E12DD71}.Debug|Any CPU.Build.0 = Debug|Any CPU
		{A80E1DCB-A3A3-43F8-9EC9-BCC39E12DD71}.Release|Any CPU.ActiveCfg = Release|Any CPU
		{A80E1DCB-A3A3-43F8-9EC9-BCC39E12DD71}.Release|Any CPU.Build.0 = Release|Any CPU
		{30B95464-1D5C-47E7-8077-45A27F73AE97}.Debug|Any CPU.ActiveCfg = Debug|Any CPU
		{30B95464-1D5C-47E7-8077-45A27F73AE97}.Debug|Any CPU.Build.0 = Debug|Any CPU
		{30B95464-1D5C-47E7-8077-45A27F73AE97}.Release|Any CPU.ActiveCfg = Release|Any CPU
		{30B95464-1D5C-47E7-8077-45A27F73AE97}.Release|Any CPU.Build.0 = Release|Any CPU
		{BAEB64C9-DC99-477D-853D-F11BD000585F}.Debug|Any CPU.ActiveCfg = Debug|Any CPU
		{BAEB64C9-DC99-477D-853D-F11BD000585F}.Release|Any CPU.ActiveCfg = Release|Any CPU
		{BAEB64C9-DC99-477D-853D-F11BD000585F}.Release|Any CPU.Build.0 = Release|Any CPU
		{9924FD29-69FC-427A-B564-FF6C11E77276}.Debug|Any CPU.ActiveCfg = Debug|Any CPU
		{9924FD29-69FC-427A-B564-FF6C11E77276}.Debug|Any CPU.Build.0 = Debug|Any CPU
		{9924FD29-69FC-427A-B564-FF6C11E77276}.Release|Any CPU.ActiveCfg = Release|Any CPU
		{9924FD29-69FC-427A-B564-FF6C11E77276}.Release|Any CPU.Build.0 = Release|Any CPU
		{D79DF490-B95D-473A-B5D7-951A35751AA2}.Debug|Any CPU.ActiveCfg = Debug|Any CPU
		{D79DF490-B95D-473A-B5D7-951A35751AA2}.Debug|Any CPU.Build.0 = Debug|Any CPU
		{D79DF490-B95D-473A-B5D7-951A35751AA2}.Release|Any CPU.ActiveCfg = Release|Any CPU
		{D79DF490-B95D-473A-B5D7-951A35751AA2}.Release|Any CPU.Build.0 = Release|Any CPU
		{589A7BF8-8B22-4605-B3BC-77FE7543D3BF}.Debug|Any CPU.ActiveCfg = Debug|Any CPU
		{589A7BF8-8B22-4605-B3BC-77FE7543D3BF}.Debug|Any CPU.Build.0 = Debug|Any CPU
		{589A7BF8-8B22-4605-B3BC-77FE7543D3BF}.Release|Any CPU.ActiveCfg = Release|Any CPU
		{589A7BF8-8B22-4605-B3BC-77FE7543D3BF}.Release|Any CPU.Build.0 = Release|Any CPU
		{E764D021-788C-4665-B600-26110E7C0C42}.Debug|Any CPU.ActiveCfg = Debug|Any CPU
		{E764D021-788C-4665-B600-26110E7C0C42}.Debug|Any CPU.Build.0 = Debug|Any CPU
		{E764D021-788C-4665-B600-26110E7C0C42}.Release|Any CPU.ActiveCfg = Release|Any CPU
		{E764D021-788C-4665-B600-26110E7C0C42}.Release|Any CPU.Build.0 = Release|Any CPU
		{CBE7B694-2F81-4E73-89F8-FCC11CAD107C}.Debug|Any CPU.ActiveCfg = Debug|Any CPU
		{CBE7B694-2F81-4E73-89F8-FCC11CAD107C}.Release|Any CPU.ActiveCfg = Release|Any CPU
		{CBE7B694-2F81-4E73-89F8-FCC11CAD107C}.Release|Any CPU.Build.0 = Release|Any CPU
		{CC2DB635-D6EE-45A1-A098-30D732FB080F}.Debug|Any CPU.ActiveCfg = Debug|Any CPU
		{CC2DB635-D6EE-45A1-A098-30D732FB080F}.Release|Any CPU.ActiveCfg = Release|Any CPU
		{CC2DB635-D6EE-45A1-A098-30D732FB080F}.Release|Any CPU.Build.0 = Release|Any CPU
		{91C0778D-A1D9-4F3C-8FAA-61F221AEF86D}.Debug|Any CPU.ActiveCfg = Debug|Any CPU
		{91C0778D-A1D9-4F3C-8FAA-61F221AEF86D}.Debug|Any CPU.Build.0 = Debug|Any CPU
		{91C0778D-A1D9-4F3C-8FAA-61F221AEF86D}.Release|Any CPU.ActiveCfg = Release|Any CPU
		{91C0778D-A1D9-4F3C-8FAA-61F221AEF86D}.Release|Any CPU.Build.0 = Release|Any CPU
		{B7D00268-960C-4B69-AFB5-F89B5EDFC6B7}.Debug|Any CPU.ActiveCfg = Debug|Any CPU
		{B7D00268-960C-4B69-AFB5-F89B5EDFC6B7}.Debug|Any CPU.Build.0 = Debug|Any CPU
		{B7D00268-960C-4B69-AFB5-F89B5EDFC6B7}.Release|Any CPU.ActiveCfg = Release|Any CPU
		{B7D00268-960C-4B69-AFB5-F89B5EDFC6B7}.Release|Any CPU.Build.0 = Release|Any CPU
		{6FB7CC66-055F-40A3-B1E8-FDE5FE664C9F}.Debug|Any CPU.ActiveCfg = Debug|Any CPU
		{6FB7CC66-055F-40A3-B1E8-FDE5FE664C9F}.Debug|Any CPU.Build.0 = Debug|Any CPU
		{6FB7CC66-055F-40A3-B1E8-FDE5FE664C9F}.Release|Any CPU.ActiveCfg = Release|Any CPU
		{6FB7CC66-055F-40A3-B1E8-FDE5FE664C9F}.Release|Any CPU.Build.0 = Release|Any CPU
		{BA40F159-E88E-43A3-B520-40E471D8E89F}.Debug|Any CPU.ActiveCfg = Debug|Any CPU
		{BA40F159-E88E-43A3-B520-40E471D8E89F}.Debug|Any CPU.Build.0 = Debug|Any CPU
		{BA40F159-E88E-43A3-B520-40E471D8E89F}.Release|Any CPU.ActiveCfg = Release|Any CPU
		{BA40F159-E88E-43A3-B520-40E471D8E89F}.Release|Any CPU.Build.0 = Release|Any CPU
		{C7978FEF-E0D4-4002-A4B4-D76130E90940}.Debug|Any CPU.ActiveCfg = Debug|Any CPU
		{C7978FEF-E0D4-4002-A4B4-D76130E90940}.Debug|Any CPU.Build.0 = Debug|Any CPU
		{C7978FEF-E0D4-4002-A4B4-D76130E90940}.Release|Any CPU.ActiveCfg = Release|Any CPU
		{C7978FEF-E0D4-4002-A4B4-D76130E90940}.Release|Any CPU.Build.0 = Release|Any CPU
		{A32DC34B-7497-40AA-9DA9-BAC4386ED087}.Debug|Any CPU.ActiveCfg = Debug|Any CPU
		{A32DC34B-7497-40AA-9DA9-BAC4386ED087}.Debug|Any CPU.Build.0 = Debug|Any CPU
		{A32DC34B-7497-40AA-9DA9-BAC4386ED087}.Release|Any CPU.ActiveCfg = Release|Any CPU
		{A32DC34B-7497-40AA-9DA9-BAC4386ED087}.Release|Any CPU.Build.0 = Release|Any CPU
		{0E059DA5-1139-4542-AC4C-4F4B4106941C}.Debug|Any CPU.ActiveCfg = Debug|Any CPU
		{0E059DA5-1139-4542-AC4C-4F4B4106941C}.Release|Any CPU.ActiveCfg = Release|Any CPU
		{0E059DA5-1139-4542-AC4C-4F4B4106941C}.Release|Any CPU.Build.0 = Release|Any CPU
		{1CF7AC2A-8CDD-4C69-BE77-17AC14D6C9E0}.Debug|Any CPU.ActiveCfg = Debug|Any CPU
		{1CF7AC2A-8CDD-4C69-BE77-17AC14D6C9E0}.Debug|Any CPU.Build.0 = Debug|Any CPU
		{1CF7AC2A-8CDD-4C69-BE77-17AC14D6C9E0}.Release|Any CPU.ActiveCfg = Release|Any CPU
		{1CF7AC2A-8CDD-4C69-BE77-17AC14D6C9E0}.Release|Any CPU.Build.0 = Release|Any CPU
		{417B4445-BA96-4F12-B669-9FA933AE83FD}.Debug|Any CPU.ActiveCfg = Debug|Any CPU
		{417B4445-BA96-4F12-B669-9FA933AE83FD}.Debug|Any CPU.Build.0 = Debug|Any CPU
		{417B4445-BA96-4F12-B669-9FA933AE83FD}.Release|Any CPU.ActiveCfg = Release|Any CPU
		{417B4445-BA96-4F12-B669-9FA933AE83FD}.Release|Any CPU.Build.0 = Release|Any CPU
		{691B25DF-7C31-42F8-BD47-B692A43AFD7B}.Debug|Any CPU.ActiveCfg = Debug|Any CPU
		{691B25DF-7C31-42F8-BD47-B692A43AFD7B}.Release|Any CPU.ActiveCfg = Release|Any CPU
		{691B25DF-7C31-42F8-BD47-B692A43AFD7B}.Release|Any CPU.Build.0 = Release|Any CPU
		{4CCA8531-68D7-4939-84B3-8BDC6C54B484}.Debug|Any CPU.ActiveCfg = Debug|Any CPU
		{4CCA8531-68D7-4939-84B3-8BDC6C54B484}.Release|Any CPU.ActiveCfg = Release|Any CPU
		{4CCA8531-68D7-4939-84B3-8BDC6C54B484}.Release|Any CPU.Build.0 = Release|Any CPU
		{796CEC6B-C29E-480D-B6C7-75F05EE145C5}.Debug|Any CPU.ActiveCfg = Debug|Any CPU
		{796CEC6B-C29E-480D-B6C7-75F05EE145C5}.Release|Any CPU.ActiveCfg = Release|Any CPU
		{796CEC6B-C29E-480D-B6C7-75F05EE145C5}.Release|Any CPU.Build.0 = Release|Any CPU
		{8E5F4570-BA2B-4C75-AAC3-88006B48BD92}.Debug|Any CPU.ActiveCfg = Debug|Any CPU
		{8E5F4570-BA2B-4C75-AAC3-88006B48BD92}.Release|Any CPU.ActiveCfg = Release|Any CPU
		{8E5F4570-BA2B-4C75-AAC3-88006B48BD92}.Release|Any CPU.Build.0 = Release|Any CPU
		{2E73E1D4-90B8-46FF-A85A-6422A3471C21}.Debug|Any CPU.ActiveCfg = Debug|Any CPU
		{2E73E1D4-90B8-46FF-A85A-6422A3471C21}.Debug|Any CPU.Build.0 = Debug|Any CPU
		{2E73E1D4-90B8-46FF-A85A-6422A3471C21}.Release|Any CPU.ActiveCfg = Release|Any CPU
		{2E73E1D4-90B8-46FF-A85A-6422A3471C21}.Release|Any CPU.Build.0 = Release|Any CPU
		{1235DF8E-D4BB-4E73-AD3E-6B5D2CC8DAF7}.Debug|Any CPU.ActiveCfg = Debug|Any CPU
		{1235DF8E-D4BB-4E73-AD3E-6B5D2CC8DAF7}.Debug|Any CPU.Build.0 = Debug|Any CPU
		{1235DF8E-D4BB-4E73-AD3E-6B5D2CC8DAF7}.Release|Any CPU.ActiveCfg = Release|Any CPU
		{1235DF8E-D4BB-4E73-AD3E-6B5D2CC8DAF7}.Release|Any CPU.Build.0 = Release|Any CPU
		{7095AD70-C401-4E84-A16C-78DA6938FC1C}.Debug|Any CPU.ActiveCfg = Debug|Any CPU
		{7095AD70-C401-4E84-A16C-78DA6938FC1C}.Debug|Any CPU.Build.0 = Debug|Any CPU
		{7095AD70-C401-4E84-A16C-78DA6938FC1C}.Release|Any CPU.ActiveCfg = Release|Any CPU
		{7095AD70-C401-4E84-A16C-78DA6938FC1C}.Release|Any CPU.Build.0 = Release|Any CPU
		{D7EF50EE-6EB9-4BC5-8054-C1DC21925DF2}.Debug|Any CPU.ActiveCfg = Debug|Any CPU
		{D7EF50EE-6EB9-4BC5-8054-C1DC21925DF2}.Debug|Any CPU.Build.0 = Debug|Any CPU
		{D7EF50EE-6EB9-4BC5-8054-C1DC21925DF2}.Release|Any CPU.ActiveCfg = Release|Any CPU
		{D7EF50EE-6EB9-4BC5-8054-C1DC21925DF2}.Release|Any CPU.Build.0 = Release|Any CPU
		{77B5C54B-1398-4134-805E-998267B6D3CA}.Debug|Any CPU.ActiveCfg = Debug|Any CPU
		{77B5C54B-1398-4134-805E-998267B6D3CA}.Debug|Any CPU.Build.0 = Debug|Any CPU
		{77B5C54B-1398-4134-805E-998267B6D3CA}.Release|Any CPU.ActiveCfg = Release|Any CPU
		{77B5C54B-1398-4134-805E-998267B6D3CA}.Release|Any CPU.Build.0 = Release|Any CPU
		{F6CF6571-B768-4F96-AF61-B998EEA6FC70}.Debug|Any CPU.ActiveCfg = Debug|Any CPU
		{F6CF6571-B768-4F96-AF61-B998EEA6FC70}.Debug|Any CPU.Build.0 = Debug|Any CPU
		{F6CF6571-B768-4F96-AF61-B998EEA6FC70}.Release|Any CPU.ActiveCfg = Release|Any CPU
		{F6CF6571-B768-4F96-AF61-B998EEA6FC70}.Release|Any CPU.Build.0 = Release|Any CPU
		{1B094897-0A37-4377-9807-CFB29052B447}.Debug|Any CPU.ActiveCfg = Debug|Any CPU
		{1B094897-0A37-4377-9807-CFB29052B447}.Debug|Any CPU.Build.0 = Debug|Any CPU
		{1B094897-0A37-4377-9807-CFB29052B447}.Release|Any CPU.ActiveCfg = Release|Any CPU
		{1B094897-0A37-4377-9807-CFB29052B447}.Release|Any CPU.Build.0 = Release|Any CPU
		{3A294790-6DB5-4998-94F6-DD171364AA6C}.Debug|Any CPU.ActiveCfg = Debug|Any CPU
		{3A294790-6DB5-4998-94F6-DD171364AA6C}.Debug|Any CPU.Build.0 = Debug|Any CPU
		{3A294790-6DB5-4998-94F6-DD171364AA6C}.Release|Any CPU.ActiveCfg = Release|Any CPU
		{3A294790-6DB5-4998-94F6-DD171364AA6C}.Release|Any CPU.Build.0 = Release|Any CPU
		{F101A8EC-3660-4909-9D89-F066268D4B88}.Debug|Any CPU.ActiveCfg = Debug|Any CPU
		{F101A8EC-3660-4909-9D89-F066268D4B88}.Debug|Any CPU.Build.0 = Debug|Any CPU
		{F101A8EC-3660-4909-9D89-F066268D4B88}.Release|Any CPU.ActiveCfg = Release|Any CPU
		{F101A8EC-3660-4909-9D89-F066268D4B88}.Release|Any CPU.Build.0 = Release|Any CPU
		{AA32F091-9D37-4BBC-BCAB-D5DD6D53143E}.Debug|Any CPU.ActiveCfg = Debug|Any CPU
		{AA32F091-9D37-4BBC-BCAB-D5DD6D53143E}.Debug|Any CPU.Build.0 = Debug|Any CPU
		{AA32F091-9D37-4BBC-BCAB-D5DD6D53143E}.Release|Any CPU.ActiveCfg = Release|Any CPU
		{AA32F091-9D37-4BBC-BCAB-D5DD6D53143E}.Release|Any CPU.Build.0 = Release|Any CPU
		{08AA4D55-47EA-44B0-A260-F5987B5666DE}.Debug|Any CPU.ActiveCfg = Debug|Any CPU
		{08AA4D55-47EA-44B0-A260-F5987B5666DE}.Debug|Any CPU.Build.0 = Debug|Any CPU
		{08AA4D55-47EA-44B0-A260-F5987B5666DE}.Release|Any CPU.ActiveCfg = Release|Any CPU
		{08AA4D55-47EA-44B0-A260-F5987B5666DE}.Release|Any CPU.Build.0 = Release|Any CPU
		{6AAA3647-E7A4-4FF1-82FA-1E5C6C56A7A0}.Debug|Any CPU.ActiveCfg = Release|Any CPU
		{6AAA3647-E7A4-4FF1-82FA-1E5C6C56A7A0}.Debug|Any CPU.Build.0 = Release|Any CPU
		{6AAA3647-E7A4-4FF1-82FA-1E5C6C56A7A0}.Release|Any CPU.ActiveCfg = Release|Any CPU
		{6AAA3647-E7A4-4FF1-82FA-1E5C6C56A7A0}.Release|Any CPU.Build.0 = Release|Any CPU
	EndGlobalSection
	GlobalSection(SolutionProperties) = preSolution
		HideSolutionNode = FALSE
	EndGlobalSection
	GlobalSection(NestedProjects) = preSolution
		{21062962-F623-472A-9744-26B882CC8B6D} = {3D74F497-C6FE-4ACE-B0AD-A751CF919F12}
		{30993FC3-22B8-4FF4-B107-DC09E6755BCE} = {3D74F497-C6FE-4ACE-B0AD-A751CF919F12}
		{42EEEE24-4F4D-4CF8-805F-BC595A44EE40} = {2E8AB98F-503F-4AC3-8600-71652E3C77AE}
		{EDA19484-A3A6-45BF-B047-3CA1CBC89EB1} = {2E8AB98F-503F-4AC3-8600-71652E3C77AE}
		{D79DF490-B95D-473A-B5D7-951A35751AA2} = {2E8AB98F-503F-4AC3-8600-71652E3C77AE}
		{589A7BF8-8B22-4605-B3BC-77FE7543D3BF} = {2E8AB98F-503F-4AC3-8600-71652E3C77AE}
		{AB05A0BC-2956-4E87-AB86-2326A0170C8B} = {9AB5A5CB-C0A7-405A-AD46-21558FA2C9BA}
		{D531FD01-6AA2-4DCE-8EC7-7A6AB0570D8A} = {9AB5A5CB-C0A7-405A-AD46-21558FA2C9BA}
		{8064D7DA-BE71-4848-830B-DA95171CE894} = {9AB5A5CB-C0A7-405A-AD46-21558FA2C9BA}
		{E764D021-788C-4665-B600-26110E7C0C42} = {9AB5A5CB-C0A7-405A-AD46-21558FA2C9BA}
		{B7D00268-960C-4B69-AFB5-F89B5EDFC6B7} = {9AB5A5CB-C0A7-405A-AD46-21558FA2C9BA}
		{CDB15A5B-033E-4026-8D2C-A42632539AB4} = {62C9AAA1-B915-4B13-A080-35E2BFF7281C}
		{C09A5935-87C2-4B40-A01D-38380BBAE9A8} = {62C9AAA1-B915-4B13-A080-35E2BFF7281C}
		{534D9281-F8CA-40D2-A7FC-40A726702A31} = {62C9AAA1-B915-4B13-A080-35E2BFF7281C}
		{BAEB64C9-DC99-477D-853D-F11BD000585F} = {62C9AAA1-B915-4B13-A080-35E2BFF7281C}
		{0E059DA5-1139-4542-AC4C-4F4B4106941C} = {62C9AAA1-B915-4B13-A080-35E2BFF7281C}
		{691B25DF-7C31-42F8-BD47-B692A43AFD7B} = {62C9AAA1-B915-4B13-A080-35E2BFF7281C}
		{4CCA8531-68D7-4939-84B3-8BDC6C54B484} = {62C9AAA1-B915-4B13-A080-35E2BFF7281C}
		{796CEC6B-C29E-480D-B6C7-75F05EE145C5} = {62C9AAA1-B915-4B13-A080-35E2BFF7281C}
		{5603FB8A-659D-4C39-ABE4-9AD45311EF19} = {3C32EB84-DE82-4529-ACF8-4864C44177A5}
		{A80E1DCB-A3A3-43F8-9EC9-BCC39E12DD71} = {3C32EB84-DE82-4529-ACF8-4864C44177A5}
		{30B95464-1D5C-47E7-8077-45A27F73AE97} = {3C32EB84-DE82-4529-ACF8-4864C44177A5}
		{1CF7AC2A-8CDD-4C69-BE77-17AC14D6C9E0} = {3C32EB84-DE82-4529-ACF8-4864C44177A5}
		{417B4445-BA96-4F12-B669-9FA933AE83FD} = {3C32EB84-DE82-4529-ACF8-4864C44177A5}
		{74AE9823-22D6-4709-B018-AEAECCB8C64C} = {F8287D5D-55EB-46CB-8740-4FACAA275E56}
		{9924FD29-69FC-427A-B564-FF6C11E77276} = {F8287D5D-55EB-46CB-8740-4FACAA275E56}
		{BA40F159-E88E-43A3-B520-40E471D8E89F} = {F8287D5D-55EB-46CB-8740-4FACAA275E56}
		{C7978FEF-E0D4-4002-A4B4-D76130E90940} = {F8287D5D-55EB-46CB-8740-4FACAA275E56}
		{8E5F4570-BA2B-4C75-AAC3-88006B48BD92} = {F8287D5D-55EB-46CB-8740-4FACAA275E56}
		{8E8D4383-C72B-4830-A5A2-C1B838573D0F} = {063E3961-8EC0-4523-859B-384CBFFF2512}
		{9CE03AAF-AA71-41A7-899D-FAFA8E97825A} = {063E3961-8EC0-4523-859B-384CBFFF2512}
		{91C0778D-A1D9-4F3C-8FAA-61F221AEF86D} = {063E3961-8EC0-4523-859B-384CBFFF2512}
		{CBE7B694-2F81-4E73-89F8-FCC11CAD107C} = {AB05A0BC-2956-4E87-AB86-2326A0170C8B}
		{CC2DB635-D6EE-45A1-A098-30D732FB080F} = {AB05A0BC-2956-4E87-AB86-2326A0170C8B}
		{6FB7CC66-055F-40A3-B1E8-FDE5FE664C9F} = {D531FD01-6AA2-4DCE-8EC7-7A6AB0570D8A}
		{A32DC34B-7497-40AA-9DA9-BAC4386ED087} = {D531FD01-6AA2-4DCE-8EC7-7A6AB0570D8A}
		{76C72197-597C-4C76-9AD8-CF706AC3A5A0} = {1DE7A0F6-3504-4FE2-87C8-BA6457F119DD}
		{16FCBDC2-101C-47BB-8A89-66D53E9138B9} = {1DE7A0F6-3504-4FE2-87C8-BA6457F119DD}
		{5327D832-1450-47B2-B2F3-87D9F0D27BD4} = {1DE7A0F6-3504-4FE2-87C8-BA6457F119DD}
		{2E73E1D4-90B8-46FF-A85A-6422A3471C21} = {76C72197-597C-4C76-9AD8-CF706AC3A5A0}
		{1235DF8E-D4BB-4E73-AD3E-6B5D2CC8DAF7} = {76C72197-597C-4C76-9AD8-CF706AC3A5A0}
		{7095AD70-C401-4E84-A16C-78DA6938FC1C} = {76C72197-597C-4C76-9AD8-CF706AC3A5A0}
		{D7EF50EE-6EB9-4BC5-8054-C1DC21925DF2} = {76C72197-597C-4C76-9AD8-CF706AC3A5A0}
		{77B5C54B-1398-4134-805E-998267B6D3CA} = {16FCBDC2-101C-47BB-8A89-66D53E9138B9}
		{F6CF6571-B768-4F96-AF61-B998EEA6FC70} = {16FCBDC2-101C-47BB-8A89-66D53E9138B9}
		{1B094897-0A37-4377-9807-CFB29052B447} = {16FCBDC2-101C-47BB-8A89-66D53E9138B9}
		{3A294790-6DB5-4998-94F6-DD171364AA6C} = {16FCBDC2-101C-47BB-8A89-66D53E9138B9}
		{F101A8EC-3660-4909-9D89-F066268D4B88} = {5327D832-1450-47B2-B2F3-87D9F0D27BD4}
		{AA32F091-9D37-4BBC-BCAB-D5DD6D53143E} = {5327D832-1450-47B2-B2F3-87D9F0D27BD4}
		{08AA4D55-47EA-44B0-A260-F5987B5666DE} = {5327D832-1450-47B2-B2F3-87D9F0D27BD4}
		{6AAA3647-E7A4-4FF1-82FA-1E5C6C56A7A0} = {5327D832-1450-47B2-B2F3-87D9F0D27BD4}
	EndGlobalSection
EndGlobal
